
Microsoft Visual Studio Solution File, Format Version 12.00
# Visual Studio 14
VisualStudioVersion = 14.0.25420.1
MinimumVisualStudioVersion = 10.0.40219.1
Project("{FAE04EC0-301F-11D3-BF4B-00C04F79EFBC}") = "ForConsole6", "ForConsole6\ForConsole6.csproj", "{EA1D544A-EBB9-479E-930B-E307E133E394}"
EndProject
Project("{FAE04EC0-301F-11D3-BF4B-00C04F79EFBC}") = "ForConsole7", "ForConsole7\ForConsole7.csproj", "{A6F70F87-B10B-4F5C-B2D5-75E11BA13CD6}"
EndProject
Project("{FAE04EC0-301F-11D3-BF4B-00C04F79EFBC}") = "WhileConsole1", "WhileConsole1\WhileConsole1.csproj", "{53E015D2-D3B4-4926-B31A-CDF84C87A0B3}"
EndProject
Project("{FAE04EC0-301F-11D3-BF4B-00C04F79EFBC}") = "WhileConsole2", "WhileConsole2\WhileConsole2.csproj", "{C712F509-CFC3-4314-8CFB-7B9E22D61300}"
EndProject
Project("{FAE04EC0-301F-11D3-BF4B-00C04F79EFBC}") = "DoWhileConsole1", "DoWhileConsole1\DoWhileConsole1.csproj", "{3943EB5E-A3BE-4DDD-ACDE-6DAE568E760E}"
EndProject
Global
	GlobalSection(SolutionConfigurationPlatforms) = preSolution
		Debug|Any CPU = Debug|Any CPU
		Release|Any CPU = Release|Any CPU
	EndGlobalSection
	GlobalSection(ProjectConfigurationPlatforms) = postSolution
		{EA1D544A-EBB9-479E-930B-E307E133E394}.Debug|Any CPU.ActiveCfg = Debug|Any CPU
		{EA1D544A-EBB9-479E-930B-E307E133E394}.Debug|Any CPU.Build.0 = Debug|Any CPU
		{EA1D544A-EBB9-479E-930B-E307E133E394}.Release|Any CPU.ActiveCfg = Release|Any CPU
		{EA1D544A-EBB9-479E-930B-E307E133E394}.Release|Any CPU.Build.0 = Release|Any CPU
		{A6F70F87-B10B-4F5C-B2D5-75E11BA13CD6}.Debug|Any CPU.ActiveCfg = Debug|Any CPU
		{A6F70F87-B10B-4F5C-B2D5-75E11BA13CD6}.Debug|Any CPU.Build.0 = Debug|Any CPU
		{A6F70F87-B10B-4F5C-B2D5-75E11BA13CD6}.Release|Any CPU.ActiveCfg = Release|Any CPU
		{A6F70F87-B10B-4F5C-B2D5-75E11BA13CD6}.Release|Any CPU.Build.0 = Release|Any CPU
		{53E015D2-D3B4-4926-B31A-CDF84C87A0B3}.Debug|Any CPU.ActiveCfg = Debug|Any CPU
		{53E015D2-D3B4-4926-B31A-CDF84C87A0B3}.Debug|Any CPU.Build.0 = Debug|Any CPU
		{53E015D2-D3B4-4926-B31A-CDF84C87A0B3}.Release|Any CPU.ActiveCfg = Release|Any CPU
		{53E015D2-D3B4-4926-B31A-CDF84C87A0B3}.Release|Any CPU.Build.0 = Release|Any CPU
		{C712F509-CFC3-4314-8CFB-7B9E22D61300}.Debug|Any CPU.ActiveCfg = Debug|Any CPU
		{C712F509-CFC3-4314-8CFB-7B9E22D61300}.Debug|Any CPU.Build.0 = Debug|Any CPU
		{C712F509-CFC3-4314-8CFB-7B9E22D61300}.Release|Any CPU.ActiveCfg = Release|Any CPU
		{C712F509-CFC3-4314-8CFB-7B9E22D61300}.Release|Any CPU.Build.0 = Release|Any CPU
		{3943EB5E-A3BE-4DDD-ACDE-6DAE568E760E}.Debug|Any CPU.ActiveCfg = Debug|Any CPU
		{3943EB5E-A3BE-4DDD-ACDE-6DAE568E760E}.Debug|Any CPU.Build.0 = Debug|Any CPU
		{3943EB5E-A3BE-4DDD-ACDE-6DAE568E760E}.Release|Any CPU.ActiveCfg = Release|Any CPU
		{3943EB5E-A3BE-4DDD-ACDE-6DAE568E760E}.Release|Any CPU.Build.0 = Release|Any CPU
	EndGlobalSection
	GlobalSection(SolutionProperties) = preSolution
		HideSolutionNode = FALSE
	EndGlobalSection
EndGlobal
